
Microsoft Visual Studio Solution File, Format Version 12.00
# Visual Studio Version 17
VisualStudioVersion = 17.13.35825.156 d17.13
MinimumVisualStudioVersion = 10.0.40219.1
Project("{888888A0-9F3D-457C-B088-3A5042F75D52}") = "Python Calculator", "Python Calculator.pyproj", "{800EDB43-07D6-4B45-BF96-BC82C32EC40F}"
EndProject
Global
	GlobalSection(SolutionConfigurationPlatforms) = preSolution
		Debug|Any CPU = Debug|Any CPU
		Release|Any CPU = Release|Any CPU
	EndGlobalSection
	GlobalSection(ProjectConfigurationPlatforms) = postSolution
		{800EDB43-07D6-4B45-BF96-BC82C32EC40F}.Debug|Any CPU.ActiveCfg = Debug|Any CPU
		{800EDB43-07D6-4B45-BF96-BC82C32EC40F}.Release|Any CPU.ActiveCfg = Release|Any CPU
	EndGlobalSection
	GlobalSection(SolutionProperties) = preSolution
		HideSolutionNode = FALSE
	EndGlobalSection
	GlobalSection(ExtensibilityGlobals) = postSolution
		SolutionGuid = {A4ACAA55-9357-46F1-8314-E2380A46BC46}
	EndGlobalSection
EndGlobal
